
Microsoft Visual Studio Solution File, Format Version 12.00
# Visual Studio 15
VisualStudioVersion = 15.0.34112.143
MinimumVisualStudioVersion = 10.0.40219.1
Project("{FAE04EC0-301F-11D3-BF4B-00C04F79EFBC}") = "WindowsFormsAppCalculadora", "WindowsFormsAppCalculadora\WindowsFormsAppCalculadora.csproj", "{F1946ADC-CC04-4978-8CAE-866EDF74AF94}"
EndProject
Global
	GlobalSection(SolutionConfigurationPlatforms) = preSolution
		Debug|Any CPU = Debug|Any CPU
		Release|Any CPU = Release|Any CPU
	EndGlobalSection
	GlobalSection(ProjectConfigurationPlatforms) = postSolution
		{F1946ADC-CC04-4978-8CAE-866EDF74AF94}.Debug|Any CPU.ActiveCfg = Debug|Any CPU
		{F1946ADC-CC04-4978-8CAE-866EDF74AF94}.Debug|Any CPU.Build.0 = Debug|Any CPU
		{F1946ADC-CC04-4978-8CAE-866EDF74AF94}.Release|Any CPU.ActiveCfg = Release|Any CPU
		{F1946ADC-CC04-4978-8CAE-866EDF74AF94}.Release|Any CPU.Build.0 = Release|Any CPU
	EndGlobalSection
	GlobalSection(SolutionProperties) = preSolution
		HideSolutionNode = FALSE
	EndGlobalSection
	GlobalSection(ExtensibilityGlobals) = postSolution
		SolutionGuid = {597F0FE6-6B7D-49B9-9467-9F20C72B0DD0}
	EndGlobalSection
EndGlobal
